
Microsoft Visual Studio Solution File, Format Version 9.00
# Visual C++ Express 2005
Project("{8BC9CEB8-8B4A-11D0-8D11-00A0C91BC942}") = "janken", "janken.vcproj", "{33E95E22-DB0E-4C98-AB73-FCE5FCB039A1}"
EndProject
Project("{8BC9CEB8-8B4A-11D0-8D11-00A0C91BC942}") = "jikken", "..\jikken\jikken.vcproj", "{43BDC828-2B55-4843-98C7-CDFC03EDA5C8}"
EndProject
Project("{8BC9CEB8-8B4A-11D0-8D11-00A0C91BC942}") = "jikken2", "..\jikken2\jikken2.vcproj", "{9199B31C-483C-46B7-BDE4-D2F5FD127B75}"
EndProject
Project("{8BC9CEB8-8B4A-11D0-8D11-00A0C91BC942}") = "jikken3", "..\jikken3\jikken3.vcproj", "{8B11D7F9-6B10-43C7-99C5-5ACB486FC3CA}"
EndProject
Project("{8BC9CEB8-8B4A-11D0-8D11-00A0C91BC942}") = "test", "..\test\test.vcproj", "{F77BF035-048B-433B-851B-E7698B6A0A55}"
EndProject
Global
	GlobalSection(SolutionConfigurationPlatforms) = preSolution
		Debug|Win32 = Debug|Win32
		Release|Win32 = Release|Win32
	EndGlobalSection
	GlobalSection(ProjectConfigurationPlatforms) = postSolution
		{33E95E22-DB0E-4C98-AB73-FCE5FCB039A1}.Debug|Win32.ActiveCfg = Debug|Win32
		{33E95E22-DB0E-4C98-AB73-FCE5FCB039A1}.Debug|Win32.Build.0 = Debug|Win32
		{33E95E22-DB0E-4C98-AB73-FCE5FCB039A1}.Release|Win32.ActiveCfg = Release|Win32
		{33E95E22-DB0E-4C98-AB73-FCE5FCB039A1}.Release|Win32.Build.0 = Release|Win32
		{43BDC828-2B55-4843-98C7-CDFC03EDA5C8}.Debug|Win32.ActiveCfg = Debug|Win32
		{43BDC828-2B55-4843-98C7-CDFC03EDA5C8}.Debug|Win32.Build.0 = Debug|Win32
		{43BDC828-2B55-4843-98C7-CDFC03EDA5C8}.Release|Win32.ActiveCfg = Release|Win32
		{43BDC828-2B55-4843-98C7-CDFC03EDA5C8}.Release|Win32.Build.0 = Release|Win32
		{9199B31C-483C-46B7-BDE4-D2F5FD127B75}.Debug|Win32.ActiveCfg = Debug|Win32
		{9199B31C-483C-46B7-BDE4-D2F5FD127B75}.Debug|Win32.Build.0 = Debug|Win32
		{9199B31C-483C-46B7-BDE4-D2F5FD127B75}.Release|Win32.ActiveCfg = Release|Win32
		{9199B31C-483C-46B7-BDE4-D2F5FD127B75}.Release|Win32.Build.0 = Release|Win32
		{8B11D7F9-6B10-43C7-99C5-5ACB486FC3CA}.Debug|Win32.ActiveCfg = Debug|Win32
		{8B11D7F9-6B10-43C7-99C5-5ACB486FC3CA}.Debug|Win32.Build.0 = Debug|Win32
		{8B11D7F9-6B10-43C7-99C5-5ACB486FC3CA}.Release|Win32.ActiveCfg = Release|Win32
		{8B11D7F9-6B10-43C7-99C5-5ACB486FC3CA}.Release|Win32.Build.0 = Release|Win32
		{F77BF035-048B-433B-851B-E7698B6A0A55}.Debug|Win32.ActiveCfg = Debug|Win32
		{F77BF035-048B-433B-851B-E7698B6A0A55}.Debug|Win32.Build.0 = Debug|Win32
		{F77BF035-048B-433B-851B-E7698B6A0A55}.Release|Win32.ActiveCfg = Release|Win32
		{F77BF035-048B-433B-851B-E7698B6A0A55}.Release|Win32.Build.0 = Release|Win32
	EndGlobalSection
	GlobalSection(SolutionProperties) = preSolution
		HideSolutionNode = FALSE
	EndGlobalSection
EndGlobal
