
Microsoft Visual Studio Solution File, Format Version 9.00
# Visual C++ Express 2005
Project("{8BC9CEB8-8B4A-11D0-8D11-00A0C91BC942}") = "reference_test2", "reference_test2.vcproj", "{9DB7C133-6B43-4A4B-A487-52FB4C835F60}"
EndProject
Global
	GlobalSection(SolutionConfigurationPlatforms) = preSolution
		Debug|Win32 = Debug|Win32
		Release|Win32 = Release|Win32
	EndGlobalSection
	GlobalSection(ProjectConfigurationPlatforms) = postSolution
		{9DB7C133-6B43-4A4B-A487-52FB4C835F60}.Debug|Win32.ActiveCfg = Debug|Win32
		{9DB7C133-6B43-4A4B-A487-52FB4C835F60}.Debug|Win32.Build.0 = Debug|Win32
		{9DB7C133-6B43-4A4B-A487-52FB4C835F60}.Release|Win32.ActiveCfg = Release|Win32
		{9DB7C133-6B43-4A4B-A487-52FB4C835F60}.Release|Win32.Build.0 = Release|Win32
	EndGlobalSection
	GlobalSection(SolutionProperties) = preSolution
		HideSolutionNode = FALSE
	EndGlobalSection
EndGlobal
