
Microsoft Visual Studio Solution File, Format Version 9.00
# Visual C++ Express 2005
Project("{8BC9CEB8-8B4A-11D0-8D11-00A0C91BC942}") = "reference_test", "reference_test.vcproj", "{2669D237-59D2-40AD-8864-C033ED6D6F07}"
EndProject
Global
	GlobalSection(SolutionConfigurationPlatforms) = preSolution
		Debug|Win32 = Debug|Win32
		Release|Win32 = Release|Win32
	EndGlobalSection
	GlobalSection(ProjectConfigurationPlatforms) = postSolution
		{2669D237-59D2-40AD-8864-C033ED6D6F07}.Debug|Win32.ActiveCfg = Debug|Win32
		{2669D237-59D2-40AD-8864-C033ED6D6F07}.Debug|Win32.Build.0 = Debug|Win32
		{2669D237-59D2-40AD-8864-C033ED6D6F07}.Release|Win32.ActiveCfg = Release|Win32
		{2669D237-59D2-40AD-8864-C033ED6D6F07}.Release|Win32.Build.0 = Release|Win32
	EndGlobalSection
	GlobalSection(SolutionProperties) = preSolution
		HideSolutionNode = FALSE
	EndGlobalSection
EndGlobal
