
Microsoft Visual Studio Solution File, Format Version 9.00
# Visual C++ Express 2005
Project("{8BC9CEB8-8B4A-11D0-8D11-00A0C91BC942}") = "function_pointer", "function_pointer.vcproj", "{B4B13AF5-E3CB-403B-8755-0D7C1381CD2D}"
EndProject
Global
	GlobalSection(SolutionConfigurationPlatforms) = preSolution
		Debug|Win32 = Debug|Win32
		Release|Win32 = Release|Win32
	EndGlobalSection
	GlobalSection(ProjectConfigurationPlatforms) = postSolution
		{B4B13AF5-E3CB-403B-8755-0D7C1381CD2D}.Debug|Win32.ActiveCfg = Debug|Win32
		{B4B13AF5-E3CB-403B-8755-0D7C1381CD2D}.Debug|Win32.Build.0 = Debug|Win32
		{B4B13AF5-E3CB-403B-8755-0D7C1381CD2D}.Release|Win32.ActiveCfg = Release|Win32
		{B4B13AF5-E3CB-403B-8755-0D7C1381CD2D}.Release|Win32.Build.0 = Release|Win32
	EndGlobalSection
	GlobalSection(SolutionProperties) = preSolution
		HideSolutionNode = FALSE
	EndGlobalSection
EndGlobal
