
Microsoft Visual Studio Solution File, Format Version 9.00
# Visual C++ Express 2005
Project("{8BC9CEB8-8B4A-11D0-8D11-00A0C91BC942}") = "HederTest2", "HederTest2.vcproj", "{257D95D8-1F55-47F6-9AA3-3DAFEA2D0E5E}"
EndProject
Global
	GlobalSection(SolutionConfigurationPlatforms) = preSolution
		Debug|Win32 = Debug|Win32
		Release|Win32 = Release|Win32
	EndGlobalSection
	GlobalSection(ProjectConfigurationPlatforms) = postSolution
		{257D95D8-1F55-47F6-9AA3-3DAFEA2D0E5E}.Debug|Win32.ActiveCfg = Debug|Win32
		{257D95D8-1F55-47F6-9AA3-3DAFEA2D0E5E}.Debug|Win32.Build.0 = Debug|Win32
		{257D95D8-1F55-47F6-9AA3-3DAFEA2D0E5E}.Release|Win32.ActiveCfg = Release|Win32
		{257D95D8-1F55-47F6-9AA3-3DAFEA2D0E5E}.Release|Win32.Build.0 = Release|Win32
	EndGlobalSection
	GlobalSection(SolutionProperties) = preSolution
		HideSolutionNode = FALSE
	EndGlobalSection
EndGlobal
